
Microsoft Visual Studio Solution File, Format Version 12.00
# Visual Studio Version 17
VisualStudioVersion = 17.0.32014.148
MinimumVisualStudioVersion = 10.0.40219.1
Project("{FAE04EC0-301F-11D3-BF4B-00C04F79EFBC}") = "Blackjack UI", "Blackjack UI\Blackjack UI.csproj", "{969C158A-3365-4AC4-9CF4-243FE9EFC261}"
EndProject
Global
	GlobalSection(SolutionConfigurationPlatforms) = preSolution
		Debug|Any CPU = Debug|Any CPU
		Release|Any CPU = Release|Any CPU
	EndGlobalSection
	GlobalSection(ProjectConfigurationPlatforms) = postSolution
		{969C158A-3365-4AC4-9CF4-243FE9EFC261}.Debug|Any CPU.ActiveCfg = Debug|Any CPU
		{969C158A-3365-4AC4-9CF4-243FE9EFC261}.Debug|Any CPU.Build.0 = Debug|Any CPU
		{969C158A-3365-4AC4-9CF4-243FE9EFC261}.Release|Any CPU.ActiveCfg = Release|Any CPU
		{969C158A-3365-4AC4-9CF4-243FE9EFC261}.Release|Any CPU.Build.0 = Release|Any CPU
	EndGlobalSection
	GlobalSection(SolutionProperties) = preSolution
		HideSolutionNode = FALSE
	EndGlobalSection
	GlobalSection(ExtensibilityGlobals) = postSolution
		SolutionGuid = {A2179891-EC12-4708-A285-5A45C48AF3CE}
	EndGlobalSection
EndGlobal
